
Microsoft Visual Studio Solution File, Format Version 12.00
# Visual Studio Version 17
VisualStudioVersion = 17.5.33414.496
MinimumVisualStudioVersion = 10.0.40219.1
Project("{9A19103F-16F7-4668-BE54-9A1E7A4F7556}") = "DesafioMxm", "DesafioMxm\DesafioMxm.csproj", "{918C9F07-9FC0-45F9-B504-B9D5CBD595E6}"
EndProject
Project("{FAE04EC0-301F-11D3-BF4B-00C04F79EFBC}") = "DesafioMxmTest", "DesafioMxmTest\DesafioMxmTest.csproj", "{3BA92729-001F-41C4-9047-9B1B551818AF}"
EndProject
Global
	GlobalSection(SolutionConfigurationPlatforms) = preSolution
		Debug|Any CPU = Debug|Any CPU
		Release|Any CPU = Release|Any CPU
	EndGlobalSection
	GlobalSection(ProjectConfigurationPlatforms) = postSolution
		{918C9F07-9FC0-45F9-B504-B9D5CBD595E6}.Debug|Any CPU.ActiveCfg = Debug|Any CPU
		{918C9F07-9FC0-45F9-B504-B9D5CBD595E6}.Debug|Any CPU.Build.0 = Debug|Any CPU
		{918C9F07-9FC0-45F9-B504-B9D5CBD595E6}.Release|Any CPU.ActiveCfg = Release|Any CPU
		{918C9F07-9FC0-45F9-B504-B9D5CBD595E6}.Release|Any CPU.Build.0 = Release|Any CPU
		{3BA92729-001F-41C4-9047-9B1B551818AF}.Debug|Any CPU.ActiveCfg = Debug|Any CPU
		{3BA92729-001F-41C4-9047-9B1B551818AF}.Debug|Any CPU.Build.0 = Debug|Any CPU
		{3BA92729-001F-41C4-9047-9B1B551818AF}.Release|Any CPU.ActiveCfg = Release|Any CPU
		{3BA92729-001F-41C4-9047-9B1B551818AF}.Release|Any CPU.Build.0 = Release|Any CPU
	EndGlobalSection
	GlobalSection(SolutionProperties) = preSolution
		HideSolutionNode = FALSE
	EndGlobalSection
	GlobalSection(ExtensibilityGlobals) = postSolution
		SolutionGuid = {80BF5725-9C00-4A5D-B915-AC6908D945AD}
	EndGlobalSection
EndGlobal
